{
    "_meta": {
        "hash": {
            "sha256": "a02c382f591a6c84ed4694861f7c6f69b12378dba0012548ae4ec8fb32247a46"
        },
        "pipfile-spec": 6,
        "requires": {
            "python_version": "3"
        },
        "sources": [
            {
                "name": "pypi",
                "url": "https://pypi.python.org/simple",
                "verify_ssl": true
            }
        ]
    },
    "default": {
        "rpi.gpio": {
            "hashes": [
                "sha256:a5fc0eb5e401963b6c0a03650da6b42c4005f02d962b81241d96c98d0a578516"
            ],
            "index": "pypi",
            "version": "==0.6.3"
        }
    },
    "develop": {}
}
